{
  "version": 3,
  "mopsTomlDepsHash": "c04512783a456cb765f89cdb53a6e1cf3fd507596fb829ee397a38f4458de903",
  "deps": {
    "core": "2.5.0",
    "llm": "2.1.0",
    "base": "0.14.14",
    "sha2": "0.1.14",
    "json": "1.4.0",
    "xtended-numbers": "0.3.1",
    "ic-certification": "1.1.0",
    "base@0": "0.16.0",
    "sha2@0": "0.1.6",
    "cbor@4": "4.1.0",
    "core@1": "1.0.0",
    "xtended-numbers@2": "2.1.0",
    "buffer@0": "0.1.0",
    "ic": "4.0.0",
    "compression": "0.3.0",
    "itertools@0": "0.2.2",
    "circular-buffer@0": "0.0.1",
    "bitbuffer@1": "1.2.0",
    "buffer-deque": "0.0.1",
    "buffer-deque@0": "0.1.0",
    "test": "2.1.2"
  },
  "hashes": {
    "core@2.5.0": {
      "core@2.5.0/src/Blob.mo": "25d7c07e9786f11ceb8611a32a83b8491769580024054086e4548607a67afbe4",
      "core@2.5.0/LICENSE": "840e3d57a38a8061f55d04470fbd58b9345326fa04ea10ee42add5c6e3b2aa08",
      "core@2.5.0/README.md": "9fce230bdc675d2493d65493c295ffce47bda7b56a80d23a389ca95d117dcb39",
      "core@2.5.0/NOTICE": "d62ca4ef9e2c9df064115c339013593cf0769e2b9dc78fa4b3211222541c7f83",
      "core@2.5.0/mops.toml": "5d34e80a4636956c22bedeeb1c00de33eb1ebfc32a2c2bdd260ce5045fce84ef",
      "core@2.5.0/src/Array.mo": "7400fd0e6d2550ddb6d01833f67a69109c617032ac445275aabc7c7d188caf8d",
      "core@2.5.0/src/Base64.mo": "34bedbad18db06770823e86668a5968893124bfa6d60d8df6b8d9a9a8e15e441",
      "core@2.5.0/src/Bool.mo": "3b606a6631f28c774e3055bc860201e56260fd32fdc5e8dc00d901506be95db5",
      "core@2.5.0/src/Error.mo": "2112280ea5300ae94ff9188c3bbd75a7db87f0c6eb65c2ac5bf04bc27c851d98",
      "core@2.5.0/src/CallerAttributes.mo": "7ac5ea306f7e4393a7830a1dd522583d3388b8dd4667db132ee77ba9ae131f66",
      "core@2.5.0/src/Debug.mo": "526c3f9d94e4a682917febb7b0021831a7cc345a2aa63e2499ddeda33cf63b3e",
      "core@2.5.0/src/Cycles.mo": "9f5c1fceea47f05c43f22a1c25e8753fb7e552e36106d27bceef24b1310f4cbc",
      "core@2.5.0/src/Char.mo": "ecc2550a6c70ccbb204d216bd18a422d2fcfbb4668a89ac49aab059972902041",
      "core@2.5.0/src/Float.mo": "d8b0afa56911ce8da99e26c8b0f2f149cfdea04da864805ee1af44b67ce047b7",
      "core@2.5.0/src/CertifiedData.mo": "5af3182d77ab7aab2384d1f663a8cd992bbd6652aacff29c443314cf2186328f",
      "core@2.5.0/src/Int32.mo": "41d42155e753ef9fc1301c8823f255134bf2202d4a74ef33e7b7b54a8fc53af4",
      "core@2.5.0/src/Int16.mo": "78c72aafbc039e2c0becc824caa4181158206759d6859e83077db360bc8568c3",
      "core@2.5.0/src/Float32.mo": "8716c0504acb010c2f358a22896f917835377ebf16e4977e1776a26dae1d615c",
      "core@2.5.0/src/Func.mo": "535991ccca8d551d48129a0b7df03ea7bd6ebf3d74b1b572259d10ce709d7d46",
      "core@2.5.0/src/Int.mo": "03886964690ff75ecd4170decd67653c517dadc65d9957fc644d03e9c1cf9abb",
      "core@2.5.0/src/InternetComputer.mo": "969951411beb5caf7d60ba6d5e906a5c70a3b466cee42e1135d1cd3d791cb3a1",
      "core@2.5.0/src/Int64.mo": "f1fda85af9f20b47bcbfda6eaef08c6eee11cab6e5fe3eadb2d9b1c2bcef2e65",
      "core@2.5.0/src/Int8.mo": "361af007cfc333937c6bb8e238304db1a7f07a310ec3321a85b89d627f16990f",
      "core@2.5.0/src/Map.mo": "71c1dd738868479cc9770470706f6f222ac9d7b4a2743f59b33b16b31fd98ac7",
      "core@2.5.0/src/List.mo": "263c61ad591bc94f5adfc27517122ce060b9f50425b52e4e01c2d0ed1ced029d",
      "core@2.5.0/src/Nat16.mo": "2b04622ab82be11147130dce8968195c0d4a09b37de8f57d16580673ca780f78",
      "core@2.5.0/src/Nat64.mo": "b7ea9f45a35f82c81771c1c36d99d73fdbd9e21f5b0c10e832685f7327246c5e",
      "core@2.5.0/src/Nat32.mo": "e3630af6551ae2a80f3809870f55d137c07f68092940c8d9255395504e4e81c8",
      "core@2.5.0/src/Iter.mo": "3627fbf52a392bfa76c6d6803c584b1556add077d0ad214d55802e17acf4d773",
      "core@2.5.0/src/Nat.mo": "78dab3e33310b766ee9066095a3e6acb1884a8dac32ae9a7cd560637d1e4ea4a",
      "core@2.5.0/src/Nat8.mo": "e45a6ae2a55ee6ff890d556dc289816b1bdf352d52d4b3ce54e57ae795deffc2",
      "core@2.5.0/src/Option.mo": "aeec94cd6954e7b8b5463a5b15abddfb56c5322cb9b9e7ac782092d5c33a8b38",
      "core@2.5.0/src/Region.mo": "741a6fae4f61e42fa0a938b00646515edfc96527341a3a2c3936d436c973798b",
      "core@2.5.0/src/Result.mo": "0932722ab0187524c3c11539ccf2a1b9453438a9f3a042dde94e45d9c56a32c5",
      "core@2.5.0/src/Principal.mo": "2246c14f55c5bc6968d97b551d9083522bb7a35bfac6f10f4dbcaa7ba53fbb3f",
      "core@2.5.0/src/Random.mo": "f5d48c30297b579a068af8cd8c6f4f986605e492b1b65424329a5171d1480e97",
      "core@2.5.0/src/Order.mo": "6c21e905e1e8c2b40cd50438218230c207d0bbec0d2514779edd76f9f84a812c",
      "core@2.5.0/src/PriorityQueue.mo": "37b9906d1d5a61e520027fd2e48a77facb28ddc760d8129447d6902e037ef7ce",
      "core@2.5.0/src/Queue.mo": "807ae8b4bdcaef6e37c57b65a93a04c0c5ed72f77e315e9916f5a25f62ce424f",
      "core@2.5.0/src/Runtime.mo": "d221bd16b45cb717cb4ef4fd698fa8632a415aecbbb5a6fdc8b5cd4bc50a9e56",
      "core@2.5.0/src/Stack.mo": "ed3c98fae4164ab4f934752f9adc2a92098af8f6d9fc71b16a54867cdb8787f8",
      "core@2.5.0/src/Text.mo": "c23d3f2970234a9553d33aaed7907684d16b220e2cea95ebce02b25c3215e787",
      "core@2.5.0/src/Types.mo": "00dc0132996b3bb3eaf5cc4413be78ca860137ef26f5b472b0e7b3ef68f6652f",
      "core@2.5.0/src/Tuples.mo": "0156c1fc21fffedd71d173e0d1b1e7a9a19726cbc49ec1cf49029d6d93bc7955",
      "core@2.5.0/src/Timer.mo": "389c247eed600fc8195ad1d9872f98fcc92faad96335c9734cf5265d573612e2",
      "core@2.5.0/src/Set.mo": "d64fed0989da152d0a4baa81719bef548ad3f461367d5d434d14e98cb18281f0",
      "core@2.5.0/src/Time.mo": "fcffd56cbeb21c3d8613973f3f1ea382babcf122ea93c9689149f0101c5f3e96",
      "core@2.5.0/src/WeakReference.mo": "06e58a6d67bf67c4b31ff871416d0cf6d6e34bfb409ce73d83372ef6b74de3cf",
      "core@2.5.0/src/VarArray.mo": "289e68fe216caa39d7d4829b73ccc03ed6e5e2e1d07079e3baa83b55651d1dd8",
      "core@2.5.0/src/internal/BTreeHelper.mo": "20a475baf18f924ee0297fc234469fa0985cdaa31c85ce002b5a921383b0534d",
      "core@2.5.0/src/pure/List.mo": "b4fb45cf75410461fb1501a316d2384d1be63fee1fccf11ed1d29677e5e2393c",
      "core@2.5.0/src/internal/PRNG.mo": "8a93e87baa2b12f613c82394a4a05b425e44a695bbace4ca36f9a1f78be26442",
      "core@2.5.0/src/internal/SortHelper.mo": "fff4f2eec5c59a3db13e46eeb69152bb1b98931f45cb58ac481439a0cd0d10bb",
      "core@2.5.0/src/pure/Map.mo": "e9868fc4dd5e8e6272382e33241c59f8664e3de2e618cbf62fa8b20beabecfab",
      "core@2.5.0/src/pure/Queue.mo": "ed0bd0968457ea3bb24c5367f0dbdb159cfe950d0e2666224985e57a784fae3b",
      "core@2.5.0/src/pure/RealTimeQueue.mo": "af133ae61c69ce4e00db5e9db53ddeccad84373fef82a156c85360c2426349dd",
      "core@2.5.0/src/pure/Set.mo": "f0155b1d548cbc8889fcff75ef52f0cab7998b034621e4faac8d3b79d7bbac07"
    },
    "llm@2.1.0": {
      "llm@2.1.0/src/lib.mo": "24d9d91c66478e69d51fb9d849b342598228279e3ea4fc833081abac43bca757",
      "llm@2.1.0/src/tool.mo": "66b985041ed4da3465afbd46f61c7bd33688b5ea6c2fea9f1680a4b0a3151308",
      "llm@2.1.0/src/chat.mo": "c565b99715c02bf307d920f4b6d31bdb017abd92a06820f85bcb3c74b2501eec",
      "llm@2.1.0/mops.toml": "482562f66d0a1ba62fe178de393f127c819a0d06768d195c5114028d574ceff6",
      "llm@2.1.0/README.md": "48ff26d88e01fddb2df522a8c32ce53f985d31e7bde711629ae0b462bf426741",
      "llm@2.1.0/LICENSE": "ec415b57f8143746b567c94bfad243f5342f3edf110c94641a1a60e02722db55"
    },
    "base@0.14.14": {
      "base@0.14.14/NOTICE": "3960a8d25fa5fc909325817b08b36c1146970930ca15b6352f8ea6db803cab47",
      "base@0.14.14/LICENSE": "166bd8e8cf7790087d1fd18a9fa4d060cc0d0b3e5ab30689aa5f3a59a93386bf",
      "base@0.14.14/README.md": "f861762bc648759297be91a82981acfb2a160f9e1cfee063526b640b05a9c435",
      "base@0.14.14/mops.toml": "b8dba28045fafa266c0eaec7ad79edc4cff49b72fdda6e47bc4fb2abaa398954",
      "base@0.14.14/src/Array.mo": "dbf9ed7bfccb959356ee5250da58b43c2ddb1ee68173be04b365c5317564e134",
      "base@0.14.14/src/Blob.mo": "61a48166c8bdc4cf1220fd11f645566699fa064a2b2aa8174388aae4eef6a532",
      "base@0.14.14/src/AssocList.mo": "e2e123d96d907ada614435ecef9a223678db79f3b0a411d85e59d5c0a6566438",
      "base@0.14.14/src/Bool.mo": "65faf01dc6e3609ed2f729b813811506951adcce71c081fc6edcdbae4c8b1169",
      "base@0.14.14/src/Buffer.mo": "fdb20bbec95107f48974c706ed3420be8507e3654fd9371036b7416b45821388",
      "base@0.14.14/src/Deque.mo": "47cac83b96adaf0d49a93f9766ed0844769b899a9b7982d46b4998157889abba",
      "base@0.14.14/src/CertifiedData.mo": "e2911a6cb533ba85ff345987d91ba92730a80ca9b6729c0b0ae1dd4631765e12",
      "base@0.14.14/src/Error.mo": "b64274e5a5dcfbf74a55ef8c2b969ff4cdd856656849ec2eb5b964c3d1ad1bf5",
      "base@0.14.14/src/Debug.mo": "ccccd690e0f61caac42cb75d9eb23fdbdae67053fbd8b33d47fa101dfc9af3e5",
      "base@0.14.14/src/Char.mo": "93d9e300a2a9ed72c8a1e50288b3af4cb2c6cdd31988f200dc167e3bbfe5824a",
      "base@0.14.14/src/ExperimentalCycles.mo": "2e905451f9e3bfb6982de5a49a2dfa3859c2bb7e0739557f93480debcab8ffef",
      "base@0.14.14/src/ExperimentalStableMemory.mo": "d28fb9f603fd9ebb406bc848590564b471c19cc082bbbc76c8487f0e7b211257",
      "base@0.14.14/src/ExperimentalInternetComputer.mo": "9a665385f030b54c2086cebd42ae29262c00989059586242a84a4a4f6a06f1f4",
      "base@0.14.14/src/Func.mo": "a1a6cfb5b1910916b610d00c05d2cc9b56a2b55ad55533583aa9e705cb82a4ed",
      "base@0.14.14/src/Hash.mo": "7546b8e08c410e705c9fb0329b3f893ca24dda72cc4ed8f2013d7c546e8beb5c",
      "base@0.14.14/src/Float.mo": "86d527bcc778e4520f14d47677fd24633b6a44125ec715a0368d718a1ee3d405",
      "base@0.14.14/src/HashMap.mo": "0de8c3ddafe0f73d62cbe2bec33d78b78e975cfc5df385d763e73d86cfe3a899",
      "base@0.14.14/src/Int.mo": "c04aeea43aeda1fde3007978589967429acc152cab3132af8ef0ca288416d97d",
      "base@0.14.14/src/Heap.mo": "e5c90141bda1375535f00c16b448a2328856f9673a1dc9688a2b11e3dfc8bed6",
      "base@0.14.14/src/Int32.mo": "b50026ebc57842f95a1455c865ca736eab14db54856b8810f3e8ae9227688d7f",
      "base@0.14.14/src/Int16.mo": "51772524e6277db86d27a6b4bb2789145bd5ef72097fd7540a51eacb71fcba16",
      "base@0.14.14/src/Int64.mo": "55558f9ffa00dd336a7658c3a34800dcea9730232ff3132ddf2b2ce507ec648f",
      "base@0.14.14/src/Iter.mo": "24e490f94569d708e1c979fb798feb200665bb973a29bb2cb9210148a77d2cb4",
      "base@0.14.14/src/List.mo": "961bed7fa13d0f3aa88189ceb51e5a7aeaa9b475d0857c941b2c4fec19a70656",
      "base@0.14.14/src/Int8.mo": "44e98af88ecef25ff557b130118277ac9f9bfa151699b0b42e61e7b155f2b243",
      "base@0.14.14/src/Nat.mo": "4180a4f92deafd7674a68427f0e250a1022c42942b435405e6f2459bce0b5536",
      "base@0.14.14/src/IterType.mo": "53c840d79e7aa6eefd00552ad9ecca820f8f3be14e070c905df472893f7b4fbd",
      "base@0.14.14/src/Nat16.mo": "787af029de5f2a5446b3c5b58ed5c07baaef2febf98d6e74c5422cac753d5d60",
      "base@0.14.14/src/Nat64.mo": "1f5f430978ff0c27c2608e0d976573ad0864ddc8816714ddc9691141b4bed4bd",
      "base@0.14.14/src/Nat32.mo": "53b5530b7becc07bb4c0398cd805076d10a70cbb306a0b4ce628b9a755d068fd",
      "base@0.14.14/src/Nat8.mo": "08db31b1cb511656df9fa50ad1ec0d42f256a6e14344896ad11b7ea1bc577b80",
      "base@0.14.14/src/None.mo": "6072c7d392b6e43c245912ed6a30f3f46f9268de5aa146848f1bf0fd5218af3e",
      "base@0.14.14/src/Order.mo": "2d7c2f21b967e26cfb26441138779c44652476eb717fdb5ed8fb5397c54528f8",
      "base@0.14.14/src/OrderedSet.mo": "cc9fb6ffad0d95b123c55c5f6b3493245852f031081901c13caf52df04411e6c",
      "base@0.14.14/src/OrderedMap.mo": "0a48d759795ee87f23df1f9d7280f9fc8c126852eacc82daf4e58e4c047b767d",
      "base@0.14.14/src/Option.mo": "8135b09bab4bd3a9536692cb09fbf170f3c4cbce01eea645ecbcd0368cdf834a",
      "base@0.14.14/src/Prelude.mo": "5a4636d33c6937279462c460e3bc1ececd14a80569a2a51fa55d3968f7bda553",
      "base@0.14.14/src/Principal.mo": "d82643351555e44690dfc10c16011b14010000431e63c30a1ec37265f5fc46d2",
      "base@0.14.14/src/RBTree.mo": "f9ad44d8bb82f55691eeef5f50b2e976d3c18e4399e950cbdcb59e91582622d7",
      "base@0.14.14/src/Random.mo": "4fffac74e85d64b2579647144ff2b40e358610ddeda23ebf9354eb1d98917803",
      "base@0.14.14/src/Result.mo": "9909afee7a1f066b25105469808c06c154611428a9a909bcf3089a501181fa5a",
      "base@0.14.14/src/Text.mo": "0abd4063229262cb2e3d658937ad000155a9eff1656412ddd9502a4d606c8cfa",
      "base@0.14.14/src/Region.mo": "8579f4296e26f29b565830301097d650699535131da663e1a8bca89432295754",
      "base@0.14.14/src/Stack.mo": "992f6bd77d5ac3e4281a85a2ac96cfb04abb5b794bf8e9e08c3b558f516233f5",
      "base@0.14.14/src/Time.mo": "4336ac0d6d9d8f516a1ba6794eb5e3577ecd3aa2aedabd09892dc7b8554b73f8",
      "base@0.14.14/src/Timer.mo": "ec1e126f05dc94a2e229dd3572b04e92e9265762d52d2c99ca8df8656e4f7788",
      "base@0.14.14/src/Trie.mo": "3ca67f2527afaf5e663bd7b227384d0b20d0ea0cfc7c532e5d95a625c0d0d6bb",
      "base@0.14.14/src/TrieMap.mo": "f09aab78476ffd158f8ab789e0692ad61aa9b1f4ac6ff3af30cdac5f5c30a7e4",
      "base@0.14.14/src/TrieSet.mo": "9c8c1821582b344de6f3910f417527ec0b565876eb2d9da09455af05117ed45a"
    },
    "sha2@0.1.14": {
      "sha2@0.1.14/mops.toml": "ba73b13715683357925fb004b66e43a0f3fabb5fdce3028f13d12d4a297b3170",
      "sha2@0.1.14/README.md": "f06ce7acdfabd793202505e744591c6692b54eeb97f97689bc889fd1926a1de0",
      "sha2@0.1.14/src/Sha512.mo": "8b9f809dd637e4490ca7c33a0c6911e4ab853a3c69a8b54304567ff502068559",
      "sha2@0.1.14/LICENSE": "0351aa17e901e2f426698e6199237119a18c8ea1674877e0eb4d694ee9c4b938",
      "sha2@0.1.14/NOTICE": "2a2979e2cb91a7d903c3377ed8031a92e7fd467fd9ddb005f2ae2042ead1b4f1",
      "sha2@0.1.14/src/Sha256.mo": "d7c858eb1c097e9336ace80e754fb45b3c7b8e11884bebce3a228af5b4494c26"
    },
    "json@1.4.0": {
      "json@1.4.0/README.md": "05a648e7dd1384458c69a090b518f6dbf166262bd294ecc3dd726cff6b7bf9d1",
      "json@1.4.0/src/Lexer.mo": "0c30924f6e550c8f810e93bea1a147f9ffdd93159551ecd49441880102f36ce0",
      "json@1.4.0/src/Types.mo": "276cb48956b3249f596587b8ba344abc13d5a945b7f64e5f84b107924629c698",
      "json@1.4.0/LICENSE": "0f37247f2456cd129ab89f73eb6bb6fb385884570de60cbc96da9aeca0765660",
      "json@1.4.0/src/Cursor.mo": "3a555d38ab51a44ac952ee63bb1098a22a3bcc9543c66e70e76046feb2aeb24a",
      "json@1.4.0/src/Parser.mo": "a08bf4928fed4d41505613bb0ccced32510c482cefbe3b7f10ed1a517d52e29f",
      "json@1.4.0/mops.toml": "975f88a887aaa74d22e75bdf8e601537074b9ea6b98066eaef106a1dedb35928",
      "json@1.4.0/src/lib.mo": "958b42af7c4c4f8c534d6f0e9d781c0d1c693b0f51a538c47da771dd99aa77d0"
    },
    "xtended-numbers@0.3.1": {
      "xtended-numbers@0.3.1/mops.toml": "4e9deb52b4cef8a768011966ecad1b7eea3daa14349946c118a1b5126e36b9d2",
      "xtended-numbers@0.3.1/LICENSE": "7caf02fc1ac48db886244237e0fa148cea6c360daabcbccd3e6d26da422bb06b",
      "xtended-numbers@0.3.1/src/FloatX.mo": "a2fd81ca4ce3fa47e871ba4d166c0ec4c90ee117663e9f1e28d1cc26ca4652f2",
      "xtended-numbers@0.3.1/src/Util.mo": "e634a191e215bb09593e0bea5df104fa76e8c9f5cd9e3ca28303d7518ab74c00",
      "xtended-numbers@0.3.1/README.md": "df334a5b7f8774bffe09495de9bacb4616d20ad431d50dd7f04fb3e923044cef",
      "xtended-numbers@0.3.1/src/IntX.mo": "a82947577982a37841ede78c7a4e27568c11bffeb86bb76d03d27eb9ef99a0b3",
      "xtended-numbers@0.3.1/src/NatX.mo": "735ec54844fe8cd6640c4fb0909e8312608db18c192fe278ee9faeb0187217cc"
    },
    "ic-certification@1.1.0": {
      "ic-certification@1.1.0/mops.toml": "76f8225f74682d9d3321cde9a3a40652c3a0138b43a4e303c4afd97402b1d72f",
      "ic-certification@1.1.0/README.md": "a31a7e45423db6b2ba02aceedaad9ad0f1f1d9a8ed48b0731fdfd4a180de86eb",
      "ic-certification@1.1.0/LICENSE": "c71d239df91726fc519c6eb72d318ec65820627232b2f796219e87dcf35d0ab4",
      "ic-certification@1.1.0/demo/main.mo": "7abe275b161eef38b0ec4c7f47744033ec768ebadb6024704921f5d3bcc04734",
      "ic-certification@1.1.0/demo/ManagementCanister.mo": "51b2a7d1fe68a9dbeb65d8bcdc0c6c0d93cc7babea6c5ceacb70b02cfca0d897",
      "ic-certification@1.1.0/tmp.mo": "cdf39bd0c3cadf35506df1623d7221ffa2ea043afb33f6eed40cf3746d43d483",
      "ic-certification@1.1.0/src/CanisterSigs.mo": "ab5db2b68d445628bd3b40d8e75dbe26b53553db339f17f018248c40fd6bcf03",
      "ic-certification@1.1.0/src/ReqData.mo": "1940051ecc264bd77f9e4be9d5b9d1072d4f779c8b6e76f4c8015c880ec3b5ef",
      "ic-certification@1.1.0/src/Dyadic.mo": "4a08c60c60bb20d1c15138e23d9b4a06edc43de32d5c3f498c2422376fd0a2aa",
      "ic-certification@1.1.0/src/CertTree.mo": "aeca849cec200d441ed7b2ebb39ac9b737a95c74f2344956c26939a1d027ff80",
      "ic-certification@1.1.0/src/MerkleTree.mo": "ab481b6f6042dca040f8bdd80a3cf5f7627660c50ccf45bd3a9299b150c8b15e"
    },
    "base@0.16.0": {
      "base@0.16.0/src/Blob.mo": "61a48166c8bdc4cf1220fd11f645566699fa064a2b2aa8174388aae4eef6a532",
      "base@0.16.0/README.md": "f861762bc648759297be91a82981acfb2a160f9e1cfee063526b640b05a9c435",
      "base@0.16.0/src/Array.mo": "dbf9ed7bfccb959356ee5250da58b43c2ddb1ee68173be04b365c5317564e134",
      "base@0.16.0/mops.toml": "49dc97853e23e5463322b656ccc29b2c090dafac91136d3bea282810e63f357d",
      "base@0.16.0/NOTICE": "3960a8d25fa5fc909325817b08b36c1146970930ca15b6352f8ea6db803cab47",
      "base@0.16.0/src/AssocList.mo": "e2e123d96d907ada614435ecef9a223678db79f3b0a411d85e59d5c0a6566438",
      "base@0.16.0/LICENSE": "166bd8e8cf7790087d1fd18a9fa4d060cc0d0b3e5ab30689aa5f3a59a93386bf",
      "base@0.16.0/src/Buffer.mo": "fdb20bbec95107f48974c706ed3420be8507e3654fd9371036b7416b45821388",
      "base@0.16.0/src/Bool.mo": "65faf01dc6e3609ed2f729b813811506951adcce71c081fc6edcdbae4c8b1169",
      "base@0.16.0/src/CertifiedData.mo": "e2911a6cb533ba85ff345987d91ba92730a80ca9b6729c0b0ae1dd4631765e12",
      "base@0.16.0/src/ExperimentalCycles.mo": "2e905451f9e3bfb6982de5a49a2dfa3859c2bb7e0739557f93480debcab8ffef",
      "base@0.16.0/src/Deque.mo": "47cac83b96adaf0d49a93f9766ed0844769b899a9b7982d46b4998157889abba",
      "base@0.16.0/src/Debug.mo": "ccccd690e0f61caac42cb75d9eb23fdbdae67053fbd8b33d47fa101dfc9af3e5",
      "base@0.16.0/src/Char.mo": "93d9e300a2a9ed72c8a1e50288b3af4cb2c6cdd31988f200dc167e3bbfe5824a",
      "base@0.16.0/src/Error.mo": "b64274e5a5dcfbf74a55ef8c2b969ff4cdd856656849ec2eb5b964c3d1ad1bf5",
      "base@0.16.0/src/ExperimentalInternetComputer.mo": "9a665385f030b54c2086cebd42ae29262c00989059586242a84a4a4f6a06f1f4",
      "base@0.16.0/src/Float.mo": "86d527bcc778e4520f14d47677fd24633b6a44125ec715a0368d718a1ee3d405",
      "base@0.16.0/src/Func.mo": "a1a6cfb5b1910916b610d00c05d2cc9b56a2b55ad55533583aa9e705cb82a4ed",
      "base@0.16.0/src/ExperimentalStableMemory.mo": "d28fb9f603fd9ebb406bc848590564b471c19cc082bbbc76c8487f0e7b211257",
      "base@0.16.0/src/Hash.mo": "7546b8e08c410e705c9fb0329b3f893ca24dda72cc4ed8f2013d7c546e8beb5c",
      "base@0.16.0/src/HashMap.mo": "0de8c3ddafe0f73d62cbe2bec33d78b78e975cfc5df385d763e73d86cfe3a899",
      "base@0.16.0/src/Heap.mo": "e5c90141bda1375535f00c16b448a2328856f9673a1dc9688a2b11e3dfc8bed6",
      "base@0.16.0/src/Int.mo": "c04aeea43aeda1fde3007978589967429acc152cab3132af8ef0ca288416d97d",
      "base@0.16.0/src/Int32.mo": "b50026ebc57842f95a1455c865ca736eab14db54856b8810f3e8ae9227688d7f",
      "base@0.16.0/src/Int16.mo": "51772524e6277db86d27a6b4bb2789145bd5ef72097fd7540a51eacb71fcba16",
      "base@0.16.0/src/Int64.mo": "55558f9ffa00dd336a7658c3a34800dcea9730232ff3132ddf2b2ce507ec648f",
      "base@0.16.0/src/IterType.mo": "53c840d79e7aa6eefd00552ad9ecca820f8f3be14e070c905df472893f7b4fbd",
      "base@0.16.0/src/Int8.mo": "44e98af88ecef25ff557b130118277ac9f9bfa151699b0b42e61e7b155f2b243",
      "base@0.16.0/src/Iter.mo": "24e490f94569d708e1c979fb798feb200665bb973a29bb2cb9210148a77d2cb4",
      "base@0.16.0/src/List.mo": "961bed7fa13d0f3aa88189ceb51e5a7aeaa9b475d0857c941b2c4fec19a70656",
      "base@0.16.0/src/Nat.mo": "4180a4f92deafd7674a68427f0e250a1022c42942b435405e6f2459bce0b5536",
      "base@0.16.0/src/Nat32.mo": "53b5530b7becc07bb4c0398cd805076d10a70cbb306a0b4ce628b9a755d068fd",
      "base@0.16.0/src/Nat16.mo": "787af029de5f2a5446b3c5b58ed5c07baaef2febf98d6e74c5422cac753d5d60",
      "base@0.16.0/src/Nat64.mo": "1f5f430978ff0c27c2608e0d976573ad0864ddc8816714ddc9691141b4bed4bd",
      "base@0.16.0/src/Option.mo": "8135b09bab4bd3a9536692cb09fbf170f3c4cbce01eea645ecbcd0368cdf834a",
      "base@0.16.0/src/None.mo": "6072c7d392b6e43c245912ed6a30f3f46f9268de5aa146848f1bf0fd5218af3e",
      "base@0.16.0/src/Order.mo": "2d7c2f21b967e26cfb26441138779c44652476eb717fdb5ed8fb5397c54528f8",
      "base@0.16.0/src/Nat8.mo": "08db31b1cb511656df9fa50ad1ec0d42f256a6e14344896ad11b7ea1bc577b80",
      "base@0.16.0/src/OrderedMap.mo": "0a48d759795ee87f23df1f9d7280f9fc8c126852eacc82daf4e58e4c047b767d",
      "base@0.16.0/src/Principal.mo": "d82643351555e44690dfc10c16011b14010000431e63c30a1ec37265f5fc46d2",
      "base@0.16.0/src/Prelude.mo": "5a4636d33c6937279462c460e3bc1ececd14a80569a2a51fa55d3968f7bda553",
      "base@0.16.0/src/OrderedSet.mo": "cc9fb6ffad0d95b123c55c5f6b3493245852f031081901c13caf52df04411e6c",
      "base@0.16.0/src/Random.mo": "4fffac74e85d64b2579647144ff2b40e358610ddeda23ebf9354eb1d98917803",
      "base@0.16.0/src/Region.mo": "8579f4296e26f29b565830301097d650699535131da663e1a8bca89432295754",
      "base@0.16.0/src/Stack.mo": "992f6bd77d5ac3e4281a85a2ac96cfb04abb5b794bf8e9e08c3b558f516233f5",
      "base@0.16.0/src/RBTree.mo": "f9ad44d8bb82f55691eeef5f50b2e976d3c18e4399e950cbdcb59e91582622d7",
      "base@0.16.0/src/Result.mo": "9909afee7a1f066b25105469808c06c154611428a9a909bcf3089a501181fa5a",
      "base@0.16.0/src/Timer.mo": "ec1e126f05dc94a2e229dd3572b04e92e9265762d52d2c99ca8df8656e4f7788",
      "base@0.16.0/src/Time.mo": "4336ac0d6d9d8f516a1ba6794eb5e3577ecd3aa2aedabd09892dc7b8554b73f8",
      "base@0.16.0/src/Text.mo": "0abd4063229262cb2e3d658937ad000155a9eff1656412ddd9502a4d606c8cfa",
      "base@0.16.0/src/TrieMap.mo": "f09aab78476ffd158f8ab789e0692ad61aa9b1f4ac6ff3af30cdac5f5c30a7e4",
      "base@0.16.0/src/Trie.mo": "3ca67f2527afaf5e663bd7b227384d0b20d0ea0cfc7c532e5d95a625c0d0d6bb",
      "base@0.16.0/src/TrieSet.mo": "9c8c1821582b344de6f3910f417527ec0b565876eb2d9da09455af05117ed45a"
    },
    "sha2@0.1.6": {
      "sha2@0.1.6/LICENSE": "c71d239df91726fc519c6eb72d318ec65820627232b2f796219e87dcf35d0ab4",
      "sha2@0.1.6/NOTICE": "9e95e2265712704574d13aaa6cab885a11e6ca6d46d70a7dd5286791ed59a1c3",
      "sha2@0.1.6/mops.toml": "d4383b37c01088088e7f3ee9153411a8a653e98949779d7805436da8e012ba6a",
      "sha2@0.1.6/src/Sha256.mo": "dc0d0e5a5950f7786648eee417d1a1a3b8d0e48d1faf48ce4af6378fee6f8453",
      "sha2@0.1.6/src/Sha512.mo": "9983910bc2e8e92dffb58d89607f62cc35a243d6cb5f1bd13076f377d0d8d261",
      "sha2@0.1.6/README.md": "968ade7f520180a097085f468d79a2de8d61b3785057e363ed5117a7eba5a56c"
    },
    "cbor@4.1.0": {
      "cbor@4.1.0/src/Types.mo": "8f22e4cc001405e941327100b47d6ecf46c70b8504cbf8017286fe4661b57bdf",
      "cbor@4.1.0/LICENSE": "7caf02fc1ac48db886244237e0fa148cea6c360daabcbccd3e6d26da422bb06b",
      "cbor@4.1.0/mops.toml": "8024dc365449e2eb2cdc6a28824c1a31408be08f143763d4f2789732e5bcbead",
      "cbor@4.1.0/README.md": "1708052f3e98b90fd2b697b42cb8262bc3c9d790d467e44626f9355667c2ae7c",
      "cbor@4.1.0/src/lib.mo": "943c52f30a354e60650a1f8fdd7f45960d4aa66c492e5b241329287007594cbf",
      "cbor@4.1.0/src/Decoder.mo": "23681953e7655e0fc8afe4b933518c5020c12d1a8238da83dfecbfca77094de4",
      "cbor@4.1.0/src/Encoder.mo": "748b2e2b0bc156ad6b2569ca884dc7ab86149e74b5cca3fadfab0e7b5aa3bd69"
    },
    "core@1.0.0": {
      "core@1.0.0/src/Array.mo": "7cc453a2d20a3dae84c54f2c4a2db6db7b454f6fca0ba23e6440d324c2a68f3f",
      "core@1.0.0/LICENSE": "840e3d57a38a8061f55d04470fbd58b9345326fa04ea10ee42add5c6e3b2aa08",
      "core@1.0.0/NOTICE": "d62ca4ef9e2c9df064115c339013593cf0769e2b9dc78fa4b3211222541c7f83",
      "core@1.0.0/src/Blob.mo": "58fe96119602151a6816db9817bfd3062526e15fac49c2a259fd2a5061266775",
      "core@1.0.0/src/Bool.mo": "a13590c559c53109e79ffff7de0506e59f1f93754ef2d0efa1df9baaf1751e95",
      "core@1.0.0/mops.toml": "e8e16f2bd5c257b4626c18276930283ac6c156ebc39619dae8da076f23fd1c5c",
      "core@1.0.0/README.md": "184efbd57d9792ca0275a7a66caeb920181001e46e63aa7b70f180e001a2a838",
      "core@1.0.0/src/CertifiedData.mo": "5af3182d77ab7aab2384d1f663a8cd992bbd6652aacff29c443314cf2186328f",
      "core@1.0.0/src/Char.mo": "0d1146320d21048cd49663c9838b1a6ce7ec1add1ad256b51a1eac4bbe3f6be8",
      "core@1.0.0/src/Error.mo": "fb53abc8de032fa421e327a7fb4880345b7b8e91bbb84d9183d2172b7a9ec773",
      "core@1.0.0/src/Debug.mo": "5c9398296ea0a913e2f356a3e169bb56df817248036aaa5c97507d29915143cf",
      "core@1.0.0/src/Cycles.mo": "9f5c1fceea47f05c43f22a1c25e8753fb7e552e36106d27bceef24b1310f4cbc",
      "core@1.0.0/src/Int.mo": "17c36cc01d325ab430c372328abec9d9defa0e81e3c2de7613735ca9588597fc",
      "core@1.0.0/src/Float.mo": "20beea2c0d9039593cc28c638e289f42b3f5a9405b9a43c1fc76571cbb0e6f5d",
      "core@1.0.0/src/Func.mo": "c00d06b15e3376821020ceaaffae2a70bf206c672e746459ba1079adc6d1a619",
      "core@1.0.0/src/Int16.mo": "5102cbb40ff1ecdc005bdc96ded6ef3619aa840526d2b243c0463dbb758aa4a8",
      "core@1.0.0/src/Int32.mo": "6fb63738e2482ee6b361745a7c0b03f684cdfcfa578e1bae53a9e0df527f1f72",
      "core@1.0.0/src/Int64.mo": "05d49bb8a25ef1f49e8a164fd5a63cc03fd56c1bbb91f1b6d5096ba9bd9eb23a",
      "core@1.0.0/src/List.mo": "100853bf57dc4b350336695148b3a3ecfc12c75c52b165dcdafc1c05effac6fc",
      "core@1.0.0/src/Int8.mo": "186de373b7857c3d6a6a3814285959e291088e8ae17de4a1bf2bd5e15490d511",
      "core@1.0.0/src/Iter.mo": "6098e63365cabe82046fd0100f53b029cc2693a438d0a7aafc7e930c8bb986b2",
      "core@1.0.0/src/InternetComputer.mo": "20383755c98801e560c17f9aefd9b4eb00463ee598125de1b39f6ae6fc8c60c9",
      "core@1.0.0/src/Nat.mo": "6be73db65c25fed97cd6b37223fac6a7982e8f124651d522aa7999c40159db50",
      "core@1.0.0/src/Map.mo": "bcdb5a6bf2f9b8ba2078707d25155fdab8fc9b92b1d909e749acb8be068f9226",
      "core@1.0.0/src/Nat16.mo": "0f83fbbbd2c4b0c71e9465e67273464faf32f126e59f3417476d536ee7e2ebbc",
      "core@1.0.0/src/Nat32.mo": "e35fccf57b5a5aca880860481388c8d679b2289710a43d9acd5f77ed19984614",
      "core@1.0.0/src/Nat64.mo": "9d8454be0bf9b234f5a5d308a1afdc02bc770a9d0d587bc23f8fba392a21ead9",
      "core@1.0.0/src/Nat8.mo": "02c42e668f0fd95df5f864b4bbede58565a0a0395c6a04f6cb357f83090d245d",
      "core@1.0.0/src/Order.mo": "ebc93dd27cee7befd6e41794fb220f079dfb017145a76d77a225b2fcb3bbfd9e",
      "core@1.0.0/src/Option.mo": "14e4f9d3332f778e0afa922e68852bf8fefcb885f1455770333867d120d64230",
      "core@1.0.0/src/Principal.mo": "2d4ce9cee2fd21cfe2bf236260742d5b35ac4fafaef74204bd068d0ba691b3e5",
      "core@1.0.0/src/Random.mo": "0cb44f437d4e495ac5ae80da2518f5d3ba12fc8cf25a7ca2d8f25c536066dd80",
      "core@1.0.0/src/Queue.mo": "fef65d586af331551fd4602b4a462a891a5ebb7a2b57d0de51b32d4ee10d3fb2",
      "core@1.0.0/src/Region.mo": "c853ca2803d26f650e8e0cc0ba1b219664e7e0fdcea2a747f146f035dc5659dd",
      "core@1.0.0/src/Result.mo": "a3eed6fe0156ac5a10418c13397fab7bcbc803a95cfc12fdb4de159e97f5cc94",
      "core@1.0.0/src/Runtime.mo": "5ac1290bec77ab04ae51df5fdc56ab4c6850823ffcd18e4140dfcc1b5a66cce3",
      "core@1.0.0/src/Stack.mo": "74a904d5d91a3c706c0dd0b73489719e74503510f2ff6fb6017dcf1c14d0ab44",
      "core@1.0.0/src/Tuples.mo": "632c1d344d561df66c7092b13c9009e41f5c73d068f1ae13001ac55353c66376",
      "core@1.0.0/src/Time.mo": "e08d502d5eb3ca0ab7b4cce7322404faf1c72bc2bed7d2ded5a46d6afd80fd39",
      "core@1.0.0/src/Text.mo": "3bd1923e902a08421f71fc6903a4492366d5ffb0206891143edae3b81fee6298",
      "core@1.0.0/src/Types.mo": "fe8ea094b7444977d45cdd3c0a389143f0b84e0567051b6c50b69aac482d1105",
      "core@1.0.0/src/Timer.mo": "dee7c31d1d4fd29794da552a133bcb90fbd29e3ec004407d1d6a16f430ac8151",
      "core@1.0.0/src/Set.mo": "db592ed58c0a333fd50303cf71fb47adf2e0660e0b53364c49a2aef536380db3",
      "core@1.0.0/src/internal/PRNG.mo": "8a93e87baa2b12f613c82394a4a05b425e44a695bbace4ca36f9a1f78be26442",
      "core@1.0.0/src/pure/List.mo": "e4a873f01cd5f923a43b7a4f86924f9348b9102a1b9e6831bfbd7032aa22a244",
      "core@1.0.0/src/VarArray.mo": "2b1649549cf5a4c1c3a5e224b816b060bcb3f85999f9cbbe75db0ef369c2dff6",
      "core@1.0.0/src/internal/BTreeHelper.mo": "20a475baf18f924ee0297fc234469fa0985cdaa31c85ce002b5a921383b0534d",
      "core@1.0.0/src/pure/Queue.mo": "f43869d27e7392074297afd7d271a282c461ee1eb69105b269751ca22070ccce",
      "core@1.0.0/src/pure/Map.mo": "33f63f1878f0474c6669363dde9ff6808ac992fa6353a7051b9a0c0cc7ee8f6c",
      "core@1.0.0/src/pure/Set.mo": "b547cd545ef688f349cd974ccd5c9cfcb11bdc67e8f0ab7d87734ff0f95193c5",
      "core@1.0.0/src/pure/RealTimeQueue.mo": "6e1f9a60d862f0bd214c205f70c98313ebc741f63ab62d3292c0d92d871c100f"
    },
    "xtended-numbers@2.1.0": {
      "xtended-numbers@2.1.0/src/FloatX.mo": "25a4e83103215b7a157bd37c81401fa7bf226b40f49c2cd7d0f406c10608e7fb",
      "xtended-numbers@2.1.0/LICENSE": "7caf02fc1ac48db886244237e0fa148cea6c360daabcbccd3e6d26da422bb06b",
      "xtended-numbers@2.1.0/README.md": "d2e881aef1bcfe216dec7b954f174e086b8b5a7dda9e94d345daeaf254b4c355",
      "xtended-numbers@2.1.0/mops.toml": "06a5529380648a98baed85e4336bf87f9c39668a3b8231984ef3d6dd1a4a49ec",
      "xtended-numbers@2.1.0/src/IntX.mo": "d2cad7689a5ebb1838525869e76f2321bcc74d17ff2b66883af559c59ca3bef8",
      "xtended-numbers@2.1.0/src/NatX.mo": "4e21dd6e80918d3e318e8c366ef9fc5cfa6835e09f870bcac61034736bd9b15f",
      "xtended-numbers@2.1.0/src/Util.mo": "ab75ce5587dfeffc81376777f5de74a301bd300ec4df7db54e5f94b208e4f384"
    },
    "buffer@0.1.0": {
      "buffer@0.1.0/LICENSE": "d29036f192ca54721796c4a5abda5980dd026c43b08cad2dac004d22f5bcde50",
      "buffer@0.1.0/README.md": "997ca71aafccabf4da41269d547e06d7a3e53f55418881178dd369df3eeed7f4",
      "buffer@0.1.0/mops.toml": "29b478ced5ddf863323252cccfa938e0183946e9d94bf01d8ff7a7dfd1ffcb1a",
      "buffer@0.1.0/src/lib.mo": "12ab7e7d3b8f14da06c807aae707d6dae412dc4c447b8e0ee2e1f8e8f1067a48"
    },
    "ic@4.0.0": {
      "ic@4.0.0/README.md": "7686aefce0c535d18ee2768e98660575563daa53b00d2c1041170032c232784c",
      "ic@4.0.0/mops.toml": "7a6bb3d74b1ec5539b9bb88e0a0a0ba09e8c46e00b38cb5feda009d6b80723df",
      "ic@4.0.0/src/Call.mo": "b4a3572e5617d0b1eb696450344b65e99504f844794e7ddf1cff664fcfeb2994",
      "ic@4.0.0/src/lib.mo": "9d9ec84a85eb25d191c1cae99cb841d9b6e0cf0f9bc27c3f3805ac9673d7bef1",
      "ic@4.0.0/LICENSE": "ec415b57f8143746b567c94bfad243f5342f3edf110c94641a1a60e02722db55",
      "ic@4.0.0/src/Types.mo": "373c3a18e072058aecaaec99385a08f95746c7e86cc9694f9f23caa982c2ad6c"
    },
    "compression@0.3.0": {
      "compression@0.3.0/example/compress-images.mo": "4e0104a592bce83ef5af9b6e269d62008b7f1e1040033452466f9f9176d0bc6a",
      "compression@0.3.0/src/BitReader.mo": "974ca973b09eb1954de9fc84bbe280eca83ff059c1330d8debb11bcbc933f6ff",
      "compression@0.3.0/example/compress.mo": "2251c000accea593cc575521dd3d9c04042776fde8a530baacafd55239cb9c41",
      "compression@0.3.0/src/utils.mo": "65275f8da7656f85bd95e1c1c451f20ba4955057182c1a108e4569684c6e52dc",
      "compression@0.3.0/LICENSE": "722f3f4279baf4ab992c14fdbb619e088f85af40b24881a8851de77e4ab084f6",
      "compression@0.3.0/mops.toml": "61fa6e2ef22080bb0cf27acb7374c7c4e20063bde1881181d7427d1cf7c11ecb",
      "compression@0.3.0/README.md": "5122b2c0b684b21f3f3bb0d6ff900f27c67c24c660ad7e381e8b0e268d5cb11b",
      "compression@0.3.0/src/Deflate/Block.mo": "42731fe38d1b69950b8f4e9951c6af0133e915002e422e189781beb4b4ff2a25",
      "compression@0.3.0/src/Deflate/Symbol.mo": "ac8e7df4d7352c83742811eb0f4b70669891538c0a4f3886312278e1f048ffd9",
      "compression@0.3.0/src/Gzip/Header.mo": "a2a8a4f72d34d5de5874f74c3f5a5d2a07f2d9d95e8f1b465b22f8b0eed2a6d8",
      "compression@0.3.0/src/Deflate/Encoder.mo": "8f6f5c5850837c5e5084448570dd1149882dda9f06d8995ab6baa46982692621",
      "compression@0.3.0/src/Deflate/Decoder.mo": "8d507991ea3ab645d1c79aa1687cfa349644c9479db24ff5f8c38332cc25dce4",
      "compression@0.3.0/src/Gzip/Encoder.mo": "7f0a385ee3114834d9ba518b27e6259813a8eebb991e5ee6a53c6dd56ac6e6d0",
      "compression@0.3.0/src/Deflate/lib.mo": "6847479aaee7823898daa399da1544daa1a8e56ab9af564a0a3a6d8e5a1c39a3",
      "compression@0.3.0/src/Gzip/Decoder.mo": "9d9ce6fc1cc5a7097cba7c63699a0d23c0e3721e3acdcac2cc52505af8939752",
      "compression@0.3.0/src/Gzip/lib.mo": "8bf46c0e7f982f7b2065caef70003da287f65f233793bb514b92b07fb212dfa2",
      "compression@0.3.0/src/Huffman/Encoder.mo": "490998135f1231da3d143d67d00fcd8ba18afad501ca7419cc21e91ae1d4553e",
      "compression@0.3.0/src/Huffman/Common.mo": "1fe713b3071907e0fb85786add2de46f3b8a3384583c9b26cbf98d16500f1c7e",
      "compression@0.3.0/src/LZSS/Common.mo": "9a244e31b828d182b27f52e6119690fca26369565529d1b12241997003239e9f",
      "compression@0.3.0/src/LZSS/lib.mo": "fd3d873afb6ee4d212246c8f17122e5b33eed271ea232e9d22a090d98bb35aa1",
      "compression@0.3.0/src/LZSS/Decoder.mo": "3276d18b22271779469de735c94a60e8ca408524219bf5b1e50be87fc121b02f",
      "compression@0.3.0/src/Huffman/Decoder.mo": "21caa4653332331d075359c6371d517e17c8e330afd01e8661d12181233a155d",
      "compression@0.3.0/src/libs/CRC32.mo": "1c9cd4b81f5351c6aabe6048c5e9cb2fbb913b7fb2e871bcb356dabcef5f5d86",
      "compression@0.3.0/src/LZSS/Encoder/lib.mo": "da1929878d1630bca335128cd354ca91f68a9403ea9e5a7727d9b122eaac125f",
      "compression@0.3.0/src/LZSS/Encoder/PrefixTable/HashValueTrieMap.mo": "c0216033f7b5c93d23daf2b60d66fdeac86eefbd0bf94015a0dbcbf162b7c4cd",
      "compression@0.3.0/src/LZSS/Encoder/PrefixTable/HashValueTrie.mo": "72ef393fcc79d6214d2b659edd2356741a00357f1a9b7ab4f6182bda1e02c658",
      "compression@0.3.0/src/LZSS/Encoder/PrefixTable/lib.mo": "06fcf9519118ec250916c67083ac1297f8458dd522fa6e8676ac724f98d2f0a6"
    },
    "itertools@0.2.2": {
      "itertools@0.2.2/mops.toml": "f8cfdae0d67b858f4fa677bd12c88141a5d4a4ae2516c1a1a9344708e9349209",
      "itertools@0.2.2/LICENSE": "7a20434740347741d4b7cd611cb264251d958333e4ed9cae2af37580f2401a55",
      "itertools@0.2.2/src/PeekableIter.mo": "7b0e8f276e0796c8ddb73e5b32f32f011479dfff1bd710230579c423396d2667",
      "itertools@0.2.2/src/Utils/ArrayMut.mo": "58d00b8069c1928baf61a5d544b78515f1f0e1ea85becc273b81e8a9cb73f8dd",
      "itertools@0.2.2/README.md": "f05c41edd1297373f6197fac08f7ba35a0671a6a275f576ce157cfc49bd883fd",
      "itertools@0.2.2/src/RevIter.mo": "95abd1413bb127f26c990b494b48ea88461d2b682736eb9aba7313ec75da69c8",
      "itertools@0.2.2/src/Iter.mo": "1e2c47a07965476d51238ad2f84eb320f29b62f78244b8d0259cf570b23a0532",
      "itertools@0.2.2/src/Utils/Nat.mo": "aad8b80e863ad2e986c332953665759a0a40ee93bfb1da64ad47928f3efbe55f",
      "itertools@0.2.2/src/Utils/Deque.mo": "f89f3890ab0321c24bfe55b80aadcd21efe4e4b71193ca34178a8019f3f5e898",
      "itertools@0.2.2/src/Utils/TrieMap.mo": "92196da765658b7c1f0e48bb5fdf050ebdd0fe87298e927f3154040cbee7f48f"
    },
    "circular-buffer@0.0.1": {
      "circular-buffer@0.0.1/tests/utils/ActorSpec.mo": "2cecbb03ed1f43e8be8ecc6fda727c5c34d280da47ba9258ec35ced5efbfe669",
      "circular-buffer@0.0.1/tests/Lib.Test.mo": "89f7054bd9ea722bd88693fb84da75af7dee8ec270d123318c6770276e370885",
      "circular-buffer@0.0.1/mops.toml": "33b05d5ef6c8fc714db6b8ca3646b24eef50e739d7f4744ca9f7ab0799e83c31",
      "circular-buffer@0.0.1/README.md": "33834862196f594968aaa53c3fd3b3da95e7fdb8c0f52506b8ace652ae469e57",
      "circular-buffer@0.0.1/LICENSE": "722f3f4279baf4ab992c14fdbb619e088f85af40b24881a8851de77e4ab084f6",
      "circular-buffer@0.0.1/src/lib.mo": "40e55d74aaaf90bb57b16ab7151fc6b4bdd3e49c947116753886f2dda6d603e2"
    },
    "bitbuffer@1.2.0": {
      "bitbuffer@1.2.0/mops.toml": "69773d9a6546e482dd14c8ae0aa5fba8e9bff02e400d398975d5f78df2f9b9ab",
      "bitbuffer@1.2.0/src/internal/utils.mo": "b91bba13778973c6600be73fa4352fbad312518e74bda6577a4deb2293d616d1",
      "bitbuffer@1.2.0/README.md": "87b6a5405b81afd8106fb1615004d470e527fbba29c712e69cdd1dd8fe2452bd",
      "bitbuffer@1.2.0/tests/BitBuffer.Test.mo": "385caa9903b0b399c9d5d16e926f7e4685ae62ea34be9b12993cf83f750d7830",
      "bitbuffer@1.2.0/src/BitBuffer.mo": "016391eee3a415f5dfcac5eaf9df51fc3c4ae37d3f8b3388cc117599ce0297e5",
      "bitbuffer@1.2.0/tests/utils/ActorSpec.mo": "2cecbb03ed1f43e8be8ecc6fda727c5c34d280da47ba9258ec35ced5efbfe669",
      "bitbuffer@1.2.0/LICENSE": "722f3f4279baf4ab992c14fdbb619e088f85af40b24881a8851de77e4ab084f6"
    },
    "buffer-deque@0.0.1": {
      "buffer-deque@0.0.1/src/SHBufferDeque.mo": "0033738afff7baba5894fd20120f72af6c411f5ab59c3f4e4991781032057a0f",
      "buffer-deque@0.0.1/README.md": "8cf66458ce504e851f0e964cfdaafc2098f2187544e1590140237560d9daa2f1",
      "buffer-deque@0.0.1/tests/utils/ActorSpec.mo": "2cecbb03ed1f43e8be8ecc6fda727c5c34d280da47ba9258ec35ced5efbfe669",
      "buffer-deque@0.0.1/src/BufferDeque.mo": "0bb3c714a70f0301af37bbc386fb234815a5d7ae22f472d7189a5e4f2463e309",
      "buffer-deque@0.0.1/mops.toml": "ff20e5e85ed0698990b262ec1811c19be153ab1dfa6cc41724c76179cf473f05",
      "buffer-deque@0.0.1/src/internal/Common.mo": "3739cde721c7f0618000feb53fb3384311428acbaa21aa79d8cd72ad63fc13e0",
      "buffer-deque@0.0.1/tests/BufferDeque.Test.mo": "dca0757beed4bdccc3b64143dd72eef700d229e2b91e95c73bdcbed3ecb2ad38",
      "buffer-deque@0.0.1/LICENSE": "722f3f4279baf4ab992c14fdbb619e088f85af40b24881a8851de77e4ab084f6"
    },
    "buffer-deque@0.1.0": {
      "buffer-deque@0.1.0/README.md": "d6e36f6866545bea41dc59944ec48be4eb608e52c1cdd625cf90ff31678429c6",
      "buffer-deque@0.1.0/mops.toml": "5a62bbcd39943f0cb351fd74f5565d7ce25936bd4da2b2fff9df497f322a21b2",
      "buffer-deque@0.1.0/src/internal/Common.mo": "3739cde721c7f0618000feb53fb3384311428acbaa21aa79d8cd72ad63fc13e0",
      "buffer-deque@0.1.0/src/StableBufferDeque.mo": "9fd18813ed4009ed0fbdebe5d2560cddb73ac36a06235bd629f2056108bb5e04",
      "buffer-deque@0.1.0/LICENSE": "722f3f4279baf4ab992c14fdbb619e088f85af40b24881a8851de77e4ab084f6",
      "buffer-deque@0.1.0/src/BufferDeque.mo": "dec0a11f694526209d7e5d64e12cdbab2bba6bd5739ddca1d388fa7cb1a990c0"
    },
    "test@2.1.2": {
      "test@2.1.2/LICENSE": "ec415b57f8143746b567c94bfad243f5342f3edf110c94641a1a60e02722db55",
      "test@2.1.2/src/utils.mo": "6b81172d908c2fb759597373b811e22a987d4cd69f1aa69615da252bed6e7466",
      "test@2.1.2/src/lib.mo": "e4559fbc3bcd229fb99de7dcdd68d56319ae8bc27509d6f3ad6d13c514915a39",
      "test@2.1.2/src/async.mo": "79b433a5d32184d0cad289f0b7ee6cd2256534689a015430efc43e3510c2217a",
      "test@2.1.2/README.md": "991a9ea896698d7ef1e7e55d038c7580d68182b3d30f78886304e374c64fbc01",
      "test@2.1.2/src/expect/async.mo": "c1518bd82ef8c2def86bc6b5fc1df1691eab9935adacc413cab4fe9f1eda6f4a",
      "test@2.1.2/mops.toml": "83e5024af6a5558f18a41b3ab8b60291f65e8470c0375c7e880896ccb02edf14",
      "test@2.1.2/src/expect/expect-array.mo": "f5e6808b28c5948a40e11def8f5534bcacef1211a0b6f02e63e8653e5ee5e6aa",
      "test@2.1.2/src/expect/expect-char.mo": "7464e454a815e76e9d56989d59b8eda8781dd7dd28019ada3c513b764a5ff863",
      "test@2.1.2/src/expect/expect-int16.mo": "15dfb2b13e74819d9f02927708c8f7cbbb8e0b13c0a9b249d843b16c3bcf4659",
      "test@2.1.2/src/expect/expect-blob.mo": "944d92855573f5056d10cab2ee67f5ca153a792de9aa5074ccb0da7417a77ceb",
      "test@2.1.2/src/expect/expect-int.mo": "67837bcbd681bc180a8c528defab5153d9f8aaf4998b91ca3f787e714011cdf6",
      "test@2.1.2/src/expect/expect-call.mo": "9aeeb5d56f753586e685fd3a7544b4a895e9e2a1f01f2c3423c66f87059512eb",
      "test@2.1.2/src/expect/expect-bool.mo": "dd663249dd67d5ff5241a8ecb9b16e016abe24f0570e5aac8b912fc312e4a5d4",
      "test@2.1.2/src/expect/expect-int32.mo": "577cc992737c99f07df7eb71462bb99f0b9b34727a4edf31dea88a7aff2bd48a",
      "test@2.1.2/src/expect/expect-int64.mo": "c3d0025bca7dcda18872b5ea59baad9f485b33647a7118af45a12700793f3c19",
      "test@2.1.2/src/expect/expect-int8.mo": "a88f864f471413fd4fe8300b828805a9e95c42278d55aa4351526d3c4f3c1e2c",
      "test@2.1.2/src/expect/expect-nat8.mo": "2b5145da40599eb01ef5fe6807162cc9b2a5fbe5044fd4003ebdf6bf26cbf4b6",
      "test@2.1.2/src/expect/expect-nat16.mo": "eff67a91dc8eed0478d3558c1900257802c5c6c527d13f4ef6726ebd53492d6a",
      "test@2.1.2/src/expect/expect-nat32.mo": "3ea76a0c53c806fad57d768ca79702c65faaf85b69ad61e49688b90d9a32094b",
      "test@2.1.2/src/expect/expect-nat.mo": "0f9cefc54f429a48a5ec1eb2f26bb73f771b6ca165fac300bf7228633429b049",
      "test@2.1.2/src/expect/expect-nat64.mo": "13536637dbb595bceec51db56c7cfc39221a9d5b5ea23baee66d19d6103f600f",
      "test@2.1.2/src/expect/expect-option.mo": "d5f2bce86a6f5c8e0bdbe1a72f1cbb80b01d3822b73da90239b84d91cb0af5d6",
      "test@2.1.2/src/expect/expect-principal.mo": "93842843aa02bde6cdb94ee4daa35ed95d4b2da87bc228689b9cc8c5d9bdc178",
      "test@2.1.2/src/expect/expect-text.mo": "ffb21d802a48411ed45555e82edd5b5a82c91eb37b88c5d8d061880bab897735",
      "test@2.1.2/src/expect/lib.mo": "b74da3928ed8c23c31b5979059f0ac549cd7f09e7a29af9b105d8f9e32e192ed",
      "test@2.1.2/src/expect/utils.mo": "22e364d2ec8285c09ace83cb99b3257ba66a87cfe0312f6623ab0ab35ce47009",
      "test@2.1.2/src/expect/expect-result.mo": "3c03969dc0f08c80fa003ab23760a933f47ac928834734faca0f62fe940d3ab9"
    }
  }
}